// !$*UTF8*$!
{
	archiveVersion = 1;
	classes = {
	};
	objectVersion = 48;
	objects = {

/* Begin PBXBuildFile section */
		A87A736CD7DF4E1C186CB30A /* Pods_VeganApp.framework in Frameworks */ = {isa = PBXBuildFile; fileRef = F52C44015BA44B85AB4ABE11 /* Pods_VeganApp.framework */; };
		FBEE3B172089373C00906358 /* FirebaseService.swift in Sources */ = {isa = PBXBuildFile; fileRef = FBEE3B162089373C00906358 /* FirebaseService.swift */; };
		FBEE3B192089531300906358 /* GoogleService-Info.plist in Resources */ = {isa = PBXBuildFile; fileRef = FBEE3B182089531300906358 /* GoogleService-Info.plist */; };
		FBEE3B1C208B4E3D00906358 /* ItemViewModel.swift in Sources */ = {isa = PBXBuildFile; fileRef = FBEE3B1B208B4E3D00906358 /* ItemViewModel.swift */; };
		FBEE3B1F208B570D00906358 /* UIViewController+Extensions.swift in Sources */ = {isa = PBXBuildFile; fileRef = FBEE3B1E208B570D00906358 /* UIViewController+Extensions.swift */; };
		FBEE3B21208B5A4F00906358 /* UITableView+Extensions.swift in Sources */ = {isa = PBXBuildFile; fileRef = FBEE3B20208B5A4F00906358 /* UITableView+Extensions.swift */; };
		FBEE3B24208B928300906358 /* ItemListDataSource.swift in Sources */ = {isa = PBXBuildFile; fileRef = FBEE3B23208B928300906358 /* ItemListDataSource.swift */; };
		FBEE3B26208D2F2800906358 /* ItemDetailViewController.swift in Sources */ = {isa = PBXBuildFile; fileRef = FBEE3B25208D2F2800906358 /* ItemDetailViewController.swift */; };
		FBEEBA232083D089008849C6 /* AppDelegate.swift in Sources */ = {isa = PBXBuildFile; fileRef = FBEEBA222083D089008849C6 /* AppDelegate.swift */; };
		FBEEBA282083D089008849C6 /* Main.storyboard in Resources */ = {isa = PBXBuildFile; fileRef = FBEEBA262083D089008849C6 /* Main.storyboard */; };
		FBEEBA2A2083D089008849C6 /* Assets.xcassets in Resources */ = {isa = PBXBuildFile; fileRef = FBEEBA292083D089008849C6 /* Assets.xcassets */; };
		FBEEBA2D2083D089008849C6 /* LaunchScreen.storyboard in Resources */ = {isa = PBXBuildFile; fileRef = FBEEBA2B2083D089008849C6 /* LaunchScreen.storyboard */; };
		FBEEBA362083DB62008849C6 /* Item.swift in Sources */ = {isa = PBXBuildFile; fileRef = FBEEBA352083DB62008849C6 /* Item.swift */; };
		FBEEBA392083DC58008849C6 /* AppCoordinator.swift in Sources */ = {isa = PBXBuildFile; fileRef = FBEEBA382083DC58008849C6 /* AppCoordinator.swift */; };
		FBEEBA3B2083DF10008849C6 /* TabBarCoordinator.swift in Sources */ = {isa = PBXBuildFile; fileRef = FBEEBA3A2083DF10008849C6 /* TabBarCoordinator.swift */; };
		FBEEBA3D2083E152008849C6 /* ItemCoordinator.swift in Sources */ = {isa = PBXBuildFile; fileRef = FBEEBA3C2083E152008849C6 /* ItemCoordinator.swift */; };
		FBEEBA402083E228008849C6 /* ItemListController.swift in Sources */ = {isa = PBXBuildFile; fileRef = FBEEBA3F2083E228008849C6 /* ItemListController.swift */; };
		FBEEBA492083F716008849C6 /* ItemCell.swift in Sources */ = {isa = PBXBuildFile; fileRef = FBEEBA472083F716008849C6 /* ItemCell.swift */; };
		FBEEBA4A2083F716008849C6 /* ItemCell.xib in Resources */ = {isa = PBXBuildFile; fileRef = FBEEBA482083F716008849C6 /* ItemCell.xib */; };
/* End PBXBuildFile section */

/* Begin PBXFileReference section */
		417A6A1B8A7BCE02868B06B6 /* Pods-VeganApp.debug.xcconfig */ = {isa = PBXFileReference; includeInIndex = 1; lastKnownFileType = text.xcconfig; name = "Pods-VeganApp.debug.xcconfig"; path = "Pods/Target Support Files/Pods-VeganApp/Pods-VeganApp.debug.xcconfig"; sourceTree = "<group>"; };
		C46A1A89B31412540B197E73 /* Pods-VeganApp.release.xcconfig */ = {isa = PBXFileReference; includeInIndex = 1; lastKnownFileType = text.xcconfig; name = "Pods-VeganApp.release.xcconfig"; path = "Pods/Target Support Files/Pods-VeganApp/Pods-VeganApp.release.xcconfig"; sourceTree = "<group>"; };
		F52C44015BA44B85AB4ABE11 /* Pods_VeganApp.framework */ = {isa = PBXFileReference; explicitFileType = wrapper.framework; includeInIndex = 0; path = Pods_VeganApp.framework; sourceTree = BUILT_PRODUCTS_DIR; };
		FBEE3B162089373C00906358 /* FirebaseService.swift */ = {isa = PBXFileReference; lastKnownFileType = sourcecode.swift; path = FirebaseService.swift; sourceTree = "<group>"; };
		FBEE3B182089531300906358 /* GoogleService-Info.plist */ = {isa = PBXFileReference; fileEncoding = 4; lastKnownFileType = text.plist.xml; path = "GoogleService-Info.plist"; sourceTree = "<group>"; };
		FBEE3B1B208B4E3D00906358 /* ItemViewModel.swift */ = {isa = PBXFileReference; lastKnownFileType = sourcecode.swift; path = ItemViewModel.swift; sourceTree = "<group>"; };
		FBEE3B1E208B570D00906358 /* UIViewController+Extensions.swift */ = {isa = PBXFileReference; lastKnownFileType = sourcecode.swift; path = "UIViewController+Extensions.swift"; sourceTree = "<group>"; };
		FBEE3B20208B5A4F00906358 /* UITableView+Extensions.swift */ = {isa = PBXFileReference; lastKnownFileType = sourcecode.swift; path = "UITableView+Extensions.swift"; sourceTree = "<group>"; };
		FBEE3B23208B928300906358 /* ItemListDataSource.swift */ = {isa = PBXFileReference; lastKnownFileType = sourcecode.swift; path = ItemListDataSource.swift; sourceTree = "<group>"; };
		FBEE3B25208D2F2800906358 /* ItemDetailViewController.swift */ = {isa = PBXFileReference; lastKnownFileType = sourcecode.swift; path = ItemDetailViewController.swift; sourceTree = "<group>"; };
		FBEEBA1F2083D089008849C6 /* VeganApp.app */ = {isa = PBXFileReference; explicitFileType = wrapper.application; includeInIndex = 0; path = VeganApp.app; sourceTree = BUILT_PRODUCTS_DIR; };
		FBEEBA222083D089008849C6 /* AppDelegate.swift */ = {isa = PBXFileReference; lastKnownFileType = sourcecode.swift; path = AppDelegate.swift; sourceTree = "<group>"; };
		FBEEBA272083D089008849C6 /* Base */ = {isa = PBXFileReference; lastKnownFileType = file.storyboard; name = Base; path = Base.lproj/Main.storyboard; sourceTree = "<group>"; };
		FBEEBA292083D089008849C6 /* Assets.xcassets */ = {isa = PBXFileReference; lastKnownFileType = folder.assetcatalog; path = Assets.xcassets; sourceTree = "<group>"; };
		FBEEBA2C2083D089008849C6 /* Base */ = {isa = PBXFileReference; lastKnownFileType = file.storyboard; name = Base; path = Base.lproj/LaunchScreen.storyboard; sourceTree = "<group>"; };
		FBEEBA2E2083D089008849C6 /* Info.plist */ = {isa = PBXFileReference; lastKnownFileType = text.plist.xml; path = Info.plist; sourceTree = "<group>"; };
		FBEEBA352083DB62008849C6 /* Item.swift */ = {isa = PBXFileReference; lastKnownFileType = sourcecode.swift; path = Item.swift; sourceTree = "<group>"; };
		FBEEBA382083DC58008849C6 /* AppCoordinator.swift */ = {isa = PBXFileReference; lastKnownFileType = sourcecode.swift; path = AppCoordinator.swift; sourceTree = "<group>"; };
		FBEEBA3A2083DF10008849C6 /* TabBarCoordinator.swift */ = {isa = PBXFileReference; lastKnownFileType = sourcecode.swift; path = TabBarCoordinator.swift; sourceTree = "<group>"; };
		FBEEBA3C2083E152008849C6 /* ItemCoordinator.swift */ = {isa = PBXFileReference; lastKnownFileType = sourcecode.swift; path = ItemCoordinator.swift; sourceTree = "<group>"; };
		FBEEBA3F2083E228008849C6 /* ItemListController.swift */ = {isa = PBXFileReference; lastKnownFileType = sourcecode.swift; path = ItemListController.swift; sourceTree = "<group>"; };
		FBEEBA472083F716008849C6 /* ItemCell.swift */ = {isa = PBXFileReference; lastKnownFileType = sourcecode.swift; path = ItemCell.swift; sourceTree = "<group>"; };
		FBEEBA482083F716008849C6 /* ItemCell.xib */ = {isa = PBXFileReference; lastKnownFileType = file.xib; path = ItemCell.xib; sourceTree = "<group>"; };
/* End PBXFileReference section */

/* Begin PBXFrameworksBuildPhase section */
		FBEEBA1C2083D089008849C6 /* Frameworks */ = {
			isa = PBXFrameworksBuildPhase;
			buildActionMask = 2147483647;
			files = (
				A87A736CD7DF4E1C186CB30A /* Pods_VeganApp.framework in Frameworks */,
			);
			runOnlyForDeploymentPostprocessing = 0;
		};
/* End PBXFrameworksBuildPhase section */

/* Begin PBXGroup section */
		83BA0E92A084296EB14C3F0D /* Pods */ = {
			isa = PBXGroup;
			children = (
				417A6A1B8A7BCE02868B06B6 /* Pods-VeganApp.debug.xcconfig */,
				C46A1A89B31412540B197E73 /* Pods-VeganApp.release.xcconfig */,
			);
			name = Pods;
			sourceTree = "<group>";
		};
		9C857DDBECB9B406C9BFBB54 /* Frameworks */ = {
			isa = PBXGroup;
			children = (
				F52C44015BA44B85AB4ABE11 /* Pods_VeganApp.framework */,
			);
			name = Frameworks;
			sourceTree = "<group>";
		};
		FBEE3B132087FE8B00906358 /* Firebase */ = {
			isa = PBXGroup;
			children = (
				FBEE3B162089373C00906358 /* FirebaseService.swift */,
			);
			path = Firebase;
			sourceTree = "<group>";
		};
		FBEE3B1A208B4E1A00906358 /* ViewModel */ = {
			isa = PBXGroup;
			children = (
				FBEE3B1B208B4E3D00906358 /* ItemViewModel.swift */,
			);
			path = ViewModel;
			sourceTree = "<group>";
		};
		FBEE3B1D208B56F100906358 /* Utils */ = {
			isa = PBXGroup;
			children = (
				FBEE3B1E208B570D00906358 /* UIViewController+Extensions.swift */,
				FBEE3B20208B5A4F00906358 /* UITableView+Extensions.swift */,
			);
			path = Utils;
			sourceTree = "<group>";
		};
		FBEE3B22208B926D00906358 /* DataSource */ = {
			isa = PBXGroup;
			children = (
				FBEE3B23208B928300906358 /* ItemListDataSource.swift */,
			);
			path = DataSource;
			sourceTree = "<group>";
		};
		FBEEBA162083D088008849C6 = {
			isa = PBXGroup;
			children = (
				FBEEBA212083D089008849C6 /* VeganApp */,
				FBEEBA202083D089008849C6 /* Products */,
				83BA0E92A084296EB14C3F0D /* Pods */,
				9C857DDBECB9B406C9BFBB54 /* Frameworks */,
			);
			sourceTree = "<group>";
		};
		FBEEBA202083D089008849C6 /* Products */ = {
			isa = PBXGroup;
			children = (
				FBEEBA1F2083D089008849C6 /* VeganApp.app */,
			);
			name = Products;
			sourceTree = "<group>";
		};
		FBEEBA212083D089008849C6 /* VeganApp */ = {
			isa = PBXGroup;
			children = (
				FBEE3B22208B926D00906358 /* DataSource */,
				FBEE3B1A208B4E1A00906358 /* ViewModel */,
				FBEE3B132087FE8B00906358 /* Firebase */,
				FBEEBA412083E2DD008849C6 /* View */,
				FBEEBA3E2083E1C0008849C6 /* Controller */,
				FBEEBA372083DC43008849C6 /* Coordinator */,
				FBEEBA342083DB26008849C6 /* Model */,
				FBEE3B1D208B56F100906358 /* Utils */,
				FBEEBA262083D089008849C6 /* Main.storyboard */,
				FBEEBA222083D089008849C6 /* AppDelegate.swift */,
				FBEEBA292083D089008849C6 /* Assets.xcassets */,
				FBEEBA2B2083D089008849C6 /* LaunchScreen.storyboard */,
				FBEEBA2E2083D089008849C6 /* Info.plist */,
				FBEE3B182089531300906358 /* GoogleService-Info.plist */,
			);
			path = VeganApp;
			sourceTree = "<group>";
		};
		FBEEBA342083DB26008849C6 /* Model */ = {
			isa = PBXGroup;
			children = (
				FBEEBA352083DB62008849C6 /* Item.swift */,
			);
			path = Model;
			sourceTree = "<group>";
		};
		FBEEBA372083DC43008849C6 /* Coordinator */ = {
			isa = PBXGroup;
			children = (
				FBEEBA382083DC58008849C6 /* AppCoordinator.swift */,
				FBEEBA3A2083DF10008849C6 /* TabBarCoordinator.swift */,
				FBEEBA3C2083E152008849C6 /* ItemCoordinator.swift */,
			);
			path = Coordinator;
			sourceTree = "<group>";
		};
		FBEEBA3E2083E1C0008849C6 /* Controller */ = {
			isa = PBXGroup;
			children = (
				FBEEBA3F2083E228008849C6 /* ItemListController.swift */,
				FBEE3B25208D2F2800906358 /* ItemDetailViewController.swift */,
			);
			path = Controller;
			sourceTree = "<group>";
		};
		FBEEBA412083E2DD008849C6 /* View */ = {
			isa = PBXGroup;
			children = (
				FBEEBA422083E2E2008849C6 /* Cell */,
			);
			path = View;
			sourceTree = "<group>";
		};
		FBEEBA422083E2E2008849C6 /* Cell */ = {
			isa = PBXGroup;
			children = (
				FBEEBA472083F716008849C6 /* ItemCell.swift */,
				FBEEBA482083F716008849C6 /* ItemCell.xib */,
			);
			path = Cell;
			sourceTree = "<group>";
		};
/* End PBXGroup section */

/* Begin PBXNativeTarget section */
		FBEEBA1E2083D089008849C6 /* VeganApp */ = {
			isa = PBXNativeTarget;
			buildConfigurationList = FBEEBA312083D089008849C6 /* Build configuration list for PBXNativeTarget "VeganApp" */;
			buildPhases = (
				83E1D55F841195B807F34ADB /* [CP] Check Pods Manifest.lock */,
				FBEEBA1B2083D089008849C6 /* Sources */,
				FBEEBA1C2083D089008849C6 /* Frameworks */,
				FBEEBA1D2083D089008849C6 /* Resources */,
				92D6129A6A894F5074FD6306 /* [CP] Embed Pods Frameworks */,
				9213EBB2C1636182CEA1AAD7 /* [CP] Copy Pods Resources */,
			);
			buildRules = (
			);
			dependencies = (
			);
			name = VeganApp;
			productName = VeganApp;
			productReference = FBEEBA1F2083D089008849C6 /* VeganApp.app */;
			productType = "com.apple.product-type.application";
		};
/* End PBXNativeTarget section */

/* Begin PBXProject section */
		FBEEBA172083D088008849C6 /* Project object */ = {
			isa = PBXProject;
			attributes = {
				LastSwiftUpdateCheck = 0920;
				LastUpgradeCheck = 0920;
				ORGANIZATIONNAME = "Ten Labs Ltd";
				TargetAttributes = {
					FBEEBA1E2083D089008849C6 = {
						CreatedOnToolsVersion = 9.2;
						ProvisioningStyle = Automatic;
					};
				};
			};
			buildConfigurationList = FBEEBA1A2083D088008849C6 /* Build configuration list for PBXProject "VeganApp" */;
			compatibilityVersion = "Xcode 8.0";
			developmentRegion = en;
			hasScannedForEncodings = 0;
			knownRegions = (
				en,
				Base,
			);
			mainGroup = FBEEBA162083D088008849C6;
			productRefGroup = FBEEBA202083D089008849C6 /* Products */;
			projectDirPath = "";
			projectRoot = "";
			targets = (
				FBEEBA1E2083D089008849C6 /* VeganApp */,
			);
		};
/* End PBXProject section */

/* Begin PBXResourcesBuildPhase section */
		FBEEBA1D2083D089008849C6 /* Resources */ = {
			isa = PBXResourcesBuildPhase;
			buildActionMask = 2147483647;
			files = (
				FBEE3B192089531300906358 /* GoogleService-Info.plist in Resources */,
				FBEEBA2D2083D089008849C6 /* LaunchScreen.storyboard in Resources */,
				FBEEBA2A2083D089008849C6 /* Assets.xcassets in Resources */,
				FBEEBA282083D089008849C6 /* Main.storyboard in Resources */,
				FBEEBA4A2083F716008849C6 /* ItemCell.xib in Resources */,
			);
			runOnlyForDeploymentPostprocessing = 0;
		};
/* End PBXResourcesBuildPhase section */

/* Begin PBXShellScriptBuildPhase section */
		83E1D55F841195B807F34ADB /* [CP] Check Pods Manifest.lock */ = {
			isa = PBXShellScriptBuildPhase;
			buildActionMask = 2147483647;
			files = (
			);
			inputPaths = (
				"${PODS_PODFILE_DIR_PATH}/Podfile.lock",
				"${PODS_ROOT}/Manifest.lock",
			);
			name = "[CP] Check Pods Manifest.lock";
			outputPaths = (
				"$(DERIVED_FILE_DIR)/Pods-VeganApp-checkManifestLockResult.txt",
			);
			runOnlyForDeploymentPostprocessing = 0;
			shellPath = /bin/sh;
			shellScript = "diff \"${PODS_PODFILE_DIR_PATH}/Podfile.lock\" \"${PODS_ROOT}/Manifest.lock\" > /dev/null\nif [ $? != 0 ] ; then\n    # print error to STDERR\n    echo \"error: The sandbox is not in sync with the Podfile.lock. Run 'pod install' or update your CocoaPods installation.\" >&2\n    exit 1\nfi\n# This output is used by Xcode 'outputs' to avoid re-running this script phase.\necho \"SUCCESS\" > \"${SCRIPT_OUTPUT_FILE_0}\"\n";
			showEnvVarsInLog = 0;
		};
		9213EBB2C1636182CEA1AAD7 /* [CP] Copy Pods Resources */ = {
			isa = PBXShellScriptBuildPhase;
			buildActionMask = 2147483647;
			files = (
			);
			inputPaths = (
				"${SRCROOT}/Pods/Target Support Files/Pods-VeganApp/Pods-VeganApp-resources.sh",
				"${PODS_ROOT}/GoogleMaps/Maps/Frameworks/GoogleMaps.framework/Resources/GoogleMaps.bundle",
			);
			name = "[CP] Copy Pods Resources";
			outputPaths = (
				"${TARGET_BUILD_DIR}/${UNLOCALIZED_RESOURCES_FOLDER_PATH}",
			);
			runOnlyForDeploymentPostprocessing = 0;
			shellPath = /bin/sh;
			shellScript = "\"${SRCROOT}/Pods/Target Support Files/Pods-VeganApp/Pods-VeganApp-resources.sh\"\n";
			showEnvVarsInLog = 0;
		};
		92D6129A6A894F5074FD6306 /* [CP] Embed Pods Frameworks */ = {
			isa = PBXShellScriptBuildPhase;
			buildActionMask = 2147483647;
			files = (
			);
			inputPaths = (
				"${SRCROOT}/Pods/Target Support Files/Pods-VeganApp/Pods-VeganApp-frameworks.sh",
				"${BUILT_PRODUCTS_DIR}/BoringSSL/openssl.framework",
				"${BUILT_PRODUCTS_DIR}/GTMSessionFetcher/GTMSessionFetcher.framework",
				"${BUILT_PRODUCTS_DIR}/GoogleToolboxForMac/GoogleToolboxForMac.framework",
				"${BUILT_PRODUCTS_DIR}/Protobuf/Protobuf.framework",
				"${BUILT_PRODUCTS_DIR}/gRPC/GRPCClient.framework",
				"${BUILT_PRODUCTS_DIR}/gRPC-Core/grpc.framework",
				"${BUILT_PRODUCTS_DIR}/gRPC-ProtoRPC/ProtoRPC.framework",
				"${BUILT_PRODUCTS_DIR}/gRPC-RxLibrary/RxLibrary.framework",
				"${BUILT_PRODUCTS_DIR}/leveldb-library/leveldb.framework",
				"${BUILT_PRODUCTS_DIR}/nanopb/nanopb.framework",
			);
			name = "[CP] Embed Pods Frameworks";
			outputPaths = (
				"${TARGET_BUILD_DIR}/${FRAMEWORKS_FOLDER_PATH}/openssl.framework",
				"${TARGET_BUILD_DIR}/${FRAMEWORKS_FOLDER_PATH}/GTMSessionFetcher.framework",
				"${TARGET_BUILD_DIR}/${FRAMEWORKS_FOLDER_PATH}/GoogleToolboxForMac.framework",
				"${TARGET_BUILD_DIR}/${FRAMEWORKS_FOLDER_PATH}/Protobuf.framework",
				"${TARGET_BUILD_DIR}/${FRAMEWORKS_FOLDER_PATH}/GRPCClient.framework",
				"${TARGET_BUILD_DIR}/${FRAMEWORKS_FOLDER_PATH}/grpc.framework",
				"${TARGET_BUILD_DIR}/${FRAMEWORKS_FOLDER_PATH}/ProtoRPC.framework",
				"${TARGET_BUILD_DIR}/${FRAMEWORKS_FOLDER_PATH}/RxLibrary.framework",
				"${TARGET_BUILD_DIR}/${FRAMEWORKS_FOLDER_PATH}/leveldb.framework",
				"${TARGET_BUILD_DIR}/${FRAMEWORKS_FOLDER_PATH}/nanopb.framework",
			);
			runOnlyForDeploymentPostprocessing = 0;
			shellPath = /bin/sh;
			shellScript = "\"${SRCROOT}/Pods/Target Support Files/Pods-VeganApp/Pods-VeganApp-frameworks.sh\"\n";
			showEnvVarsInLog = 0;
		};
/* End PBXShellScriptBuildPhase section */

/* Begin PBXSourcesBuildPhase section */
		FBEEBA1B2083D089008849C6 /* Sources */ = {
			isa = PBXSourcesBuildPhase;
			buildActionMask = 2147483647;
			files = (
				FBEEBA402083E228008849C6 /* ItemListController.swift in Sources */,
				FBEE3B1F208B570D00906358 /* UIViewController+Extensions.swift in Sources */,
				FBEE3B172089373C00906358 /* FirebaseService.swift in Sources */,
				FBEEBA392083DC58008849C6 /* AppCoordinator.swift in Sources */,
				FBEEBA492083F716008849C6 /* ItemCell.swift in Sources */,
				FBEE3B24208B928300906358 /* ItemListDataSource.swift in Sources */,
				FBEEBA232083D089008849C6 /* AppDelegate.swift in Sources */,
				FBEE3B1C208B4E3D00906358 /* ItemViewModel.swift in Sources */,
				FBEE3B21208B5A4F00906358 /* UITableView+Extensions.swift in Sources */,
				FBEEBA3B2083DF10008849C6 /* TabBarCoordinator.swift in Sources */,
				FBEE3B26208D2F2800906358 /* ItemDetailViewController.swift in Sources */,
				FBEEBA3D2083E152008849C6 /* ItemCoordinator.swift in Sources */,
				FBEEBA362083DB62008849C6 /* Item.swift in Sources */,
			);
			runOnlyForDeploymentPostprocessing = 0;
		};
/* End PBXSourcesBuildPhase section */

/* Begin PBXVariantGroup section */
		FBEEBA262083D089008849C6 /* Main.storyboard */ = {
			isa = PBXVariantGroup;
			children = (
				FBEEBA272083D089008849C6 /* Base */,
			);
			name = Main.storyboard;
			sourceTree = "<group>";
		};
		FBEEBA2B2083D089008849C6 /* LaunchScreen.storyboard */ = {
			isa = PBXVariantGroup;
			children = (
				FBEEBA2C2083D089008849C6 /* Base */,
			);
			name = LaunchScreen.storyboard;
			sourceTree = "<group>";
		};
/* End PBXVariantGroup section */

/* Begin XCBuildConfiguration section */
		FBEEBA2F2083D089008849C6 /* Debug */ = {
			isa = XCBuildConfiguration;
			buildSettings = {
				ALWAYS_SEARCH_USER_PATHS = NO;
				CLANG_ANALYZER_NONNULL = YES;
				CLANG_ANALYZER_NUMBER_OBJECT_CONVERSION = YES_AGGRESSIVE;
				CLANG_CXX_LANGUAGE_STANDARD = "gnu++14";
				CLANG_CXX_LIBRARY = "libc++";
				CLANG_ENABLE_MODULES = YES;
				CLANG_ENABLE_OBJC_ARC = YES;
				CLANG_WARN_BLOCK_CAPTURE_AUTORELEASING = YES;
				CLANG_WARN_BOOL_CONVERSION = YES;
				CLANG_WARN_COMMA = YES;
				CLANG_WARN_CONSTANT_CONVERSION = YES;
				CLANG_WARN_DIRECT_OBJC_ISA_USAGE = YES_ERROR;
				CLANG_WARN_DOCUMENTATION_COMMENTS = YES;
				CLANG_WARN_EMPTY_BODY = YES;
				CLANG_WARN_ENUM_CONVERSION = YES;
				CLANG_WARN_INFINITE_RECURSION = YES;
				CLANG_WARN_INT_CONVERSION = YES;
				CLANG_WARN_NON_LITERAL_NULL_CONVERSION = YES;
				CLANG_WARN_OBJC_LITERAL_CONVERSION = YES;
				CLANG_WARN_OBJC_ROOT_CLASS = YES_ERROR;
				CLANG_WARN_RANGE_LOOP_ANALYSIS = YES;
				CLANG_WARN_STRICT_PROTOTYPES = YES;
				CLANG_WARN_SUSPICIOUS_MOVE = YES;
				CLANG_WARN_UNGUARDED_AVAILABILITY = YES_AGGRESSIVE;
				CLANG_WARN_UNREACHABLE_CODE = YES;
				CLANG_WARN__DUPLICATE_METHOD_MATCH = YES;
				CODE_SIGN_IDENTITY = "iPhone Developer";
				COPY_PHASE_STRIP = NO;
				DEBUG_INFORMATION_FORMAT = dwarf;
				ENABLE_STRICT_OBJC_MSGSEND = YES;
				ENABLE_TESTABILITY = YES;
				GCC_C_LANGUAGE_STANDARD = gnu11;
				GCC_DYNAMIC_NO_PIC = NO;
				GCC_NO_COMMON_BLOCKS = YES;
				GCC_OPTIMIZATION_LEVEL = 0;
				GCC_PREPROCESSOR_DEFINITIONS = (
					"DEBUG=1",
					"$(inherited)",
				);
				GCC_WARN_64_TO_32_BIT_CONVERSION = YES;
				GCC_WARN_ABOUT_RETURN_TYPE = YES_ERROR;
				GCC_WARN_UNDECLARED_SELECTOR = YES;
				GCC_WARN_UNINITIALIZED_AUTOS = YES_AGGRESSIVE;
				GCC_WARN_UNUSED_FUNCTION = YES;
				GCC_WARN_UNUSED_VARIABLE = YES;
				IPHONEOS_DEPLOYMENT_TARGET = 11.2;
				MTL_ENABLE_DEBUG_INFO = YES;
				ONLY_ACTIVE_ARCH = YES;
				SDKROOT = iphoneos;
				SWIFT_ACTIVE_COMPILATION_CONDITIONS = DEBUG;
				SWIFT_OPTIMIZATION_LEVEL = "-Onone";
			};
			name = Debug;
		};
		FBEEBA302083D089008849C6 /* Release */ = {
			isa = XCBuildConfiguration;
			buildSettings = {
				ALWAYS_SEARCH_USER_PATHS = NO;
				CLANG_ANALYZER_NONNULL = YES;
				CLANG_ANALYZER_NUMBER_OBJECT_CONVERSION = YES_AGGRESSIVE;
				CLANG_CXX_LANGUAGE_STANDARD = "gnu++14";
				CLANG_CXX_LIBRARY = "libc++";
				CLANG_ENABLE_MODULES = YES;
				CLANG_ENABLE_OBJC_ARC = YES;
				CLANG_WARN_BLOCK_CAPTURE_AUTORELEASING = YES;
				CLANG_WARN_BOOL_CONVERSION = YES;
				CLANG_WARN_COMMA = YES;
				CLANG_WARN_CONSTANT_CONVERSION = YES;
				CLANG_WARN_DIRECT_OBJC_ISA_USAGE = YES_ERROR;
				CLANG_WARN_DOCUMENTATION_COMMENTS = YES;
				CLANG_WARN_EMPTY_BODY = YES;
				CLANG_WARN_ENUM_CONVERSION = YES;
				CLANG_WARN_INFINITE_RECURSION = YES;
				CLANG_WARN_INT_CONVERSION = YES;
				CLANG_WARN_NON_LITERAL_NULL_CONVERSION = YES;
				CLANG_WARN_OBJC_LITERAL_CONVERSION = YES;
				CLANG_WARN_OBJC_ROOT_CLASS = YES_ERROR;
				CLANG_WARN_RANGE_LOOP_ANALYSIS = YES;
				CLANG_WARN_STRICT_PROTOTYPES = YES;
				CLANG_WARN_SUSPICIOUS_MOVE = YES;
				CLANG_WARN_UNGUARDED_AVAILABILITY = YES_AGGRESSIVE;
				CLANG_WARN_UNREACHABLE_CODE = YES;
				CLANG_WARN__DUPLICATE_METHOD_MATCH = YES;
				CODE_SIGN_IDENTITY = "iPhone Developer";
				COPY_PHASE_STRIP = NO;
				DEBUG_INFORMATION_FORMAT = "dwarf-with-dsym";
				ENABLE_NS_ASSERTIONS = NO;
				ENABLE_STRICT_OBJC_MSGSEND = YES;
				GCC_C_LANGUAGE_STANDARD = gnu11;
				GCC_NO_COMMON_BLOCKS = YES;
				GCC_WARN_64_TO_32_BIT_CONVERSION = YES;
				GCC_WARN_ABOUT_RETURN_TYPE = YES_ERROR;
				GCC_WARN_UNDECLARED_SELECTOR = YES;
				GCC_WARN_UNINITIALIZED_AUTOS = YES_AGGRESSIVE;
				GCC_WARN_UNUSED_FUNCTION = YES;
				GCC_WARN_UNUSED_VARIABLE = YES;
				IPHONEOS_DEPLOYMENT_TARGET = 11.2;
				MTL_ENABLE_DEBUG_INFO = NO;
				SDKROOT = iphoneos;
				SWIFT_OPTIMIZATION_LEVEL = "-Owholemodule";
				VALIDATE_PRODUCT = YES;
			};
			name = Release;
		};
		FBEEBA322083D089008849C6 /* Debug */ = {
			isa = XCBuildConfiguration;
			baseConfigurationReference = 417A6A1B8A7BCE02868B06B6 /* Pods-VeganApp.debug.xcconfig */;
			buildSettings = {
				ASSETCATALOG_COMPILER_APPICON_NAME = AppIcon;
				"CODE_SIGN_IDENTITY[sdk=iphoneos*]" = "iPhone Developer";
				CODE_SIGN_STYLE = Automatic;
				DEVELOPMENT_TEAM = D8ECNKLXCF;
				INFOPLIST_FILE = VeganApp/Info.plist;
				LD_RUNPATH_SEARCH_PATHS = "$(inherited) @executable_path/Frameworks";
				PRODUCT_BUNDLE_IDENTIFIER = com.tenlabs.VeganApp;
				PRODUCT_NAME = "$(TARGET_NAME)";
				PROVISIONING_PROFILE_SPECIFIER = "";
				SWIFT_VERSION = 4.0;
				TARGETED_DEVICE_FAMILY = "1,2";
			};
			name = Debug;
		};
		FBEEBA332083D089008849C6 /* Release */ = {
			isa = XCBuildConfiguration;
			baseConfigurationReference = C46A1A89B31412540B197E73 /* Pods-VeganApp.release.xcconfig */;
			buildSettings = {
				ASSETCATALOG_COMPILER_APPICON_NAME = AppIcon;
				"CODE_SIGN_IDENTITY[sdk=iphoneos*]" = "iPhone Developer";
				CODE_SIGN_STYLE = Automatic;
				DEVELOPMENT_TEAM = D8ECNKLXCF;
				INFOPLIST_FILE = VeganApp/Info.plist;
				LD_RUNPATH_SEARCH_PATHS = "$(inherited) @executable_path/Frameworks";
				PRODUCT_BUNDLE_IDENTIFIER = com.tenlabs.VeganApp;
				PRODUCT_NAME = "$(TARGET_NAME)";
				PROVISIONING_PROFILE_SPECIFIER = "";
				SWIFT_VERSION = 4.0;
				TARGETED_DEVICE_FAMILY = "1,2";
			};
			name = Release;
		};
/* End XCBuildConfiguration section */

/* Begin XCConfigurationList section */
		FBEEBA1A2083D088008849C6 /* Build configuration list for PBXProject "VeganApp" */ = {
			isa = XCConfigurationList;
			buildConfigurations = (
				FBEEBA2F2083D089008849C6 /* Debug */,
				FBEEBA302083D089008849C6 /* Release */,
			);
			defaultConfigurationIsVisible = 0;
			defaultConfigurationName = Release;
		};
		FBEEBA312083D089008849C6 /* Build configuration list for PBXNativeTarget "VeganApp" */ = {
			isa = XCConfigurationList;
			buildConfigurations = (
				FBEEBA322083D089008849C6 /* Debug */,
				FBEEBA332083D089008849C6 /* Release */,
			);
			defaultConfigurationIsVisible = 0;
			defaultConfigurationName = Release;
		};
/* End XCConfigurationList section */
	};
	rootObject = FBEEBA172083D088008849C6 /* Project object */;
}
