// !$*UTF8*$!
{
	archiveVersion = 1;
	classes = {
	};
	objectVersion = 48;
	objects = {

/* Begin PBXBuildFile section */
		FBEE3B122085362F00906358 /* LoadingOverlay.swift in Sources */ = {isa = PBXBuildFile; fileRef = FBEE3B112085362F00906358 /* LoadingOverlay.swift */; };
		FBEEBA232083D089008849C6 /* AppDelegate.swift in Sources */ = {isa = PBXBuildFile; fileRef = FBEEBA222083D089008849C6 /* AppDelegate.swift */; };
		FBEEBA282083D089008849C6 /* Main.storyboard in Resources */ = {isa = PBXBuildFile; fileRef = FBEEBA262083D089008849C6 /* Main.storyboard */; };
		FBEEBA2A2083D089008849C6 /* Assets.xcassets in Resources */ = {isa = PBXBuildFile; fileRef = FBEEBA292083D089008849C6 /* Assets.xcassets */; };
		FBEEBA2D2083D089008849C6 /* LaunchScreen.storyboard in Resources */ = {isa = PBXBuildFile; fileRef = FBEEBA2B2083D089008849C6 /* LaunchScreen.storyboard */; };
		FBEEBA362083DB62008849C6 /* Item.swift in Sources */ = {isa = PBXBuildFile; fileRef = FBEEBA352083DB62008849C6 /* Item.swift */; };
		FBEEBA392083DC58008849C6 /* AppCoordinator.swift in Sources */ = {isa = PBXBuildFile; fileRef = FBEEBA382083DC58008849C6 /* AppCoordinator.swift */; };
		FBEEBA3B2083DF10008849C6 /* TabBarCoordinator.swift in Sources */ = {isa = PBXBuildFile; fileRef = FBEEBA3A2083DF10008849C6 /* TabBarCoordinator.swift */; };
		FBEEBA3D2083E152008849C6 /* ItemCoordinator.swift in Sources */ = {isa = PBXBuildFile; fileRef = FBEEBA3C2083E152008849C6 /* ItemCoordinator.swift */; };
		FBEEBA402083E228008849C6 /* ItemListController.swift in Sources */ = {isa = PBXBuildFile; fileRef = FBEEBA3F2083E228008849C6 /* ItemListController.swift */; };
		FBEEBA492083F716008849C6 /* ItemCell.swift in Sources */ = {isa = PBXBuildFile; fileRef = FBEEBA472083F716008849C6 /* ItemCell.swift */; };
		FBEEBA4A2083F716008849C6 /* ItemCell.xib in Resources */ = {isa = PBXBuildFile; fileRef = FBEEBA482083F716008849C6 /* ItemCell.xib */; };
/* End PBXBuildFile section */

/* Begin PBXFileReference section */
		FBEE3B112085362F00906358 /* LoadingOverlay.swift */ = {isa = PBXFileReference; lastKnownFileType = sourcecode.swift; path = LoadingOverlay.swift; sourceTree = "<group>"; };
		FBEEBA1F2083D089008849C6 /* VeganApp.app */ = {isa = PBXFileReference; explicitFileType = wrapper.application; includeInIndex = 0; path = VeganApp.app; sourceTree = BUILT_PRODUCTS_DIR; };
		FBEEBA222083D089008849C6 /* AppDelegate.swift */ = {isa = PBXFileReference; lastKnownFileType = sourcecode.swift; path = AppDelegate.swift; sourceTree = "<group>"; };
		FBEEBA272083D089008849C6 /* Base */ = {isa = PBXFileReference; lastKnownFileType = file.storyboard; name = Base; path = Base.lproj/Main.storyboard; sourceTree = "<group>"; };
		FBEEBA292083D089008849C6 /* Assets.xcassets */ = {isa = PBXFileReference; lastKnownFileType = folder.assetcatalog; path = Assets.xcassets; sourceTree = "<group>"; };
		FBEEBA2C2083D089008849C6 /* Base */ = {isa = PBXFileReference; lastKnownFileType = file.storyboard; name = Base; path = Base.lproj/LaunchScreen.storyboard; sourceTree = "<group>"; };
		FBEEBA2E2083D089008849C6 /* Info.plist */ = {isa = PBXFileReference; lastKnownFileType = text.plist.xml; path = Info.plist; sourceTree = "<group>"; };
		FBEEBA352083DB62008849C6 /* Item.swift */ = {isa = PBXFileReference; lastKnownFileType = sourcecode.swift; path = Item.swift; sourceTree = "<group>"; };
		FBEEBA382083DC58008849C6 /* AppCoordinator.swift */ = {isa = PBXFileReference; lastKnownFileType = sourcecode.swift; path = AppCoordinator.swift; sourceTree = "<group>"; };
		FBEEBA3A2083DF10008849C6 /* TabBarCoordinator.swift */ = {isa = PBXFileReference; lastKnownFileType = sourcecode.swift; path = TabBarCoordinator.swift; sourceTree = "<group>"; };
		FBEEBA3C2083E152008849C6 /* ItemCoordinator.swift */ = {isa = PBXFileReference; lastKnownFileType = sourcecode.swift; path = ItemCoordinator.swift; sourceTree = "<group>"; };
		FBEEBA3F2083E228008849C6 /* ItemListController.swift */ = {isa = PBXFileReference; lastKnownFileType = sourcecode.swift; path = ItemListController.swift; sourceTree = "<group>"; };
		FBEEBA472083F716008849C6 /* ItemCell.swift */ = {isa = PBXFileReference; lastKnownFileType = sourcecode.swift; path = ItemCell.swift; sourceTree = "<group>"; };
		FBEEBA482083F716008849C6 /* ItemCell.xib */ = {isa = PBXFileReference; lastKnownFileType = file.xib; path = ItemCell.xib; sourceTree = "<group>"; };
/* End PBXFileReference section */

/* Begin PBXFrameworksBuildPhase section */
		FBEEBA1C2083D089008849C6 /* Frameworks */ = {
			isa = PBXFrameworksBuildPhase;
			buildActionMask = 2147483647;
			files = (
			);
			runOnlyForDeploymentPostprocessing = 0;
		};
/* End PBXFrameworksBuildPhase section */

/* Begin PBXGroup section */
		FBEEBA162083D088008849C6 = {
			isa = PBXGroup;
			children = (
				FBEEBA212083D089008849C6 /* VeganApp */,
				FBEEBA202083D089008849C6 /* Products */,
			);
			sourceTree = "<group>";
		};
		FBEEBA202083D089008849C6 /* Products */ = {
			isa = PBXGroup;
			children = (
				FBEEBA1F2083D089008849C6 /* VeganApp.app */,
			);
			name = Products;
			sourceTree = "<group>";
		};
		FBEEBA212083D089008849C6 /* VeganApp */ = {
			isa = PBXGroup;
			children = (
				FBEEBA412083E2DD008849C6 /* View */,
				FBEEBA3E2083E1C0008849C6 /* Controller */,
				FBEEBA372083DC43008849C6 /* Coordinator */,
				FBEEBA342083DB26008849C6 /* Model */,
				FBEEBA222083D089008849C6 /* AppDelegate.swift */,
				FBEEBA262083D089008849C6 /* Main.storyboard */,
				FBEEBA292083D089008849C6 /* Assets.xcassets */,
				FBEEBA2B2083D089008849C6 /* LaunchScreen.storyboard */,
				FBEEBA2E2083D089008849C6 /* Info.plist */,
			);
			path = VeganApp;
			sourceTree = "<group>";
		};
		FBEEBA342083DB26008849C6 /* Model */ = {
			isa = PBXGroup;
			children = (
				FBEEBA352083DB62008849C6 /* Item.swift */,
			);
			path = Model;
			sourceTree = "<group>";
		};
		FBEEBA372083DC43008849C6 /* Coordinator */ = {
			isa = PBXGroup;
			children = (
				FBEEBA382083DC58008849C6 /* AppCoordinator.swift */,
				FBEEBA3A2083DF10008849C6 /* TabBarCoordinator.swift */,
				FBEEBA3C2083E152008849C6 /* ItemCoordinator.swift */,
			);
			path = Coordinator;
			sourceTree = "<group>";
		};
		FBEEBA3E2083E1C0008849C6 /* Controller */ = {
			isa = PBXGroup;
			children = (
				FBEEBA3F2083E228008849C6 /* ItemListController.swift */,
			);
			path = Controller;
			sourceTree = "<group>";
		};
		FBEEBA412083E2DD008849C6 /* View */ = {
			isa = PBXGroup;
			children = (
				FBEEBA422083E2E2008849C6 /* Cell */,
				FBEE3B112085362F00906358 /* LoadingOverlay.swift */,
			);
			path = View;
			sourceTree = "<group>";
		};
		FBEEBA422083E2E2008849C6 /* Cell */ = {
			isa = PBXGroup;
			children = (
				FBEEBA472083F716008849C6 /* ItemCell.swift */,
				FBEEBA482083F716008849C6 /* ItemCell.xib */,
			);
			path = Cell;
			sourceTree = "<group>";
		};
/* End PBXGroup section */

/* Begin PBXNativeTarget section */
		FBEEBA1E2083D089008849C6 /* VeganApp */ = {
			isa = PBXNativeTarget;
			buildConfigurationList = FBEEBA312083D089008849C6 /* Build configuration list for PBXNativeTarget "VeganApp" */;
			buildPhases = (
				FBEEBA1B2083D089008849C6 /* Sources */,
				FBEEBA1C2083D089008849C6 /* Frameworks */,
				FBEEBA1D2083D089008849C6 /* Resources */,
			);
			buildRules = (
			);
			dependencies = (
			);
			name = VeganApp;
			productName = VeganApp;
			productReference = FBEEBA1F2083D089008849C6 /* VeganApp.app */;
			productType = "com.apple.product-type.application";
		};
/* End PBXNativeTarget section */

/* Begin PBXProject section */
		FBEEBA172083D088008849C6 /* Project object */ = {
			isa = PBXProject;
			attributes = {
				LastSwiftUpdateCheck = 0920;
				LastUpgradeCheck = 0920;
				ORGANIZATIONNAME = "Ten Labs Ltd";
				TargetAttributes = {
					FBEEBA1E2083D089008849C6 = {
						CreatedOnToolsVersion = 9.2;
						ProvisioningStyle = Automatic;
					};
				};
			};
			buildConfigurationList = FBEEBA1A2083D088008849C6 /* Build configuration list for PBXProject "VeganApp" */;
			compatibilityVersion = "Xcode 8.0";
			developmentRegion = en;
			hasScannedForEncodings = 0;
			knownRegions = (
				en,
				Base,
			);
			mainGroup = FBEEBA162083D088008849C6;
			productRefGroup = FBEEBA202083D089008849C6 /* Products */;
			projectDirPath = "";
			projectRoot = "";
			targets = (
				FBEEBA1E2083D089008849C6 /* VeganApp */,
			);
		};
/* End PBXProject section */

/* Begin PBXResourcesBuildPhase section */
		FBEEBA1D2083D089008849C6 /* Resources */ = {
			isa = PBXResourcesBuildPhase;
			buildActionMask = 2147483647;
			files = (
				FBEEBA2D2083D089008849C6 /* LaunchScreen.storyboard in Resources */,
				FBEEBA2A2083D089008849C6 /* Assets.xcassets in Resources */,
				FBEEBA282083D089008849C6 /* Main.storyboard in Resources */,
				FBEEBA4A2083F716008849C6 /* ItemCell.xib in Resources */,
			);
			runOnlyForDeploymentPostprocessing = 0;
		};
/* End PBXResourcesBuildPhase section */

/* Begin PBXSourcesBuildPhase section */
		FBEEBA1B2083D089008849C6 /* Sources */ = {
			isa = PBXSourcesBuildPhase;
			buildActionMask = 2147483647;
			files = (
				FBEEBA402083E228008849C6 /* ItemListController.swift in Sources */,
				FBEEBA392083DC58008849C6 /* AppCoordinator.swift in Sources */,
				FBEEBA492083F716008849C6 /* ItemCell.swift in Sources */,
				FBEEBA232083D089008849C6 /* AppDelegate.swift in Sources */,
				FBEEBA3B2083DF10008849C6 /* TabBarCoordinator.swift in Sources */,
				FBEEBA3D2083E152008849C6 /* ItemCoordinator.swift in Sources */,
				FBEEBA362083DB62008849C6 /* Item.swift in Sources */,
				FBEE3B122085362F00906358 /* LoadingOverlay.swift in Sources */,
			);
			runOnlyForDeploymentPostprocessing = 0;
		};
/* End PBXSourcesBuildPhase section */

/* Begin PBXVariantGroup section */
		FBEEBA262083D089008849C6 /* Main.storyboard */ = {
			isa = PBXVariantGroup;
			children = (
				FBEEBA272083D089008849C6 /* Base */,
			);
			name = Main.storyboard;
			sourceTree = "<group>";
		};
		FBEEBA2B2083D089008849C6 /* LaunchScreen.storyboard */ = {
			isa = PBXVariantGroup;
			children = (
				FBEEBA2C2083D089008849C6 /* Base */,
			);
			name = LaunchScreen.storyboard;
			sourceTree = "<group>";
		};
/* End PBXVariantGroup section */

/* Begin XCBuildConfiguration section */
		FBEEBA2F2083D089008849C6 /* Debug */ = {
			isa = XCBuildConfiguration;
			buildSettings = {
				ALWAYS_SEARCH_USER_PATHS = NO;
				CLANG_ANALYZER_NONNULL = YES;
				CLANG_ANALYZER_NUMBER_OBJECT_CONVERSION = YES_AGGRESSIVE;
				CLANG_CXX_LANGUAGE_STANDARD = "gnu++14";
				CLANG_CXX_LIBRARY = "libc++";
				CLANG_ENABLE_MODULES = YES;
				CLANG_ENABLE_OBJC_ARC = YES;
				CLANG_WARN_BLOCK_CAPTURE_AUTORELEASING = YES;
				CLANG_WARN_BOOL_CONVERSION = YES;
				CLANG_WARN_COMMA = YES;
				CLANG_WARN_CONSTANT_CONVERSION = YES;
				CLANG_WARN_DIRECT_OBJC_ISA_USAGE = YES_ERROR;
				CLANG_WARN_DOCUMENTATION_COMMENTS = YES;
				CLANG_WARN_EMPTY_BODY = YES;
				CLANG_WARN_ENUM_CONVERSION = YES;
				CLANG_WARN_INFINITE_RECURSION = YES;
				CLANG_WARN_INT_CONVERSION = YES;
				CLANG_WARN_NON_LITERAL_NULL_CONVERSION = YES;
				CLANG_WARN_OBJC_LITERAL_CONVERSION = YES;
				CLANG_WARN_OBJC_ROOT_CLASS = YES_ERROR;
				CLANG_WARN_RANGE_LOOP_ANALYSIS = YES;
				CLANG_WARN_STRICT_PROTOTYPES = YES;
				CLANG_WARN_SUSPICIOUS_MOVE = YES;
				CLANG_WARN_UNGUARDED_AVAILABILITY = YES_AGGRESSIVE;
				CLANG_WARN_UNREACHABLE_CODE = YES;
				CLANG_WARN__DUPLICATE_METHOD_MATCH = YES;
				CODE_SIGN_IDENTITY = "iPhone Developer";
				COPY_PHASE_STRIP = NO;
				DEBUG_INFORMATION_FORMAT = dwarf;
				ENABLE_STRICT_OBJC_MSGSEND = YES;
				ENABLE_TESTABILITY = YES;
				GCC_C_LANGUAGE_STANDARD = gnu11;
				GCC_DYNAMIC_NO_PIC = NO;
				GCC_NO_COMMON_BLOCKS = YES;
				GCC_OPTIMIZATION_LEVEL = 0;
				GCC_PREPROCESSOR_DEFINITIONS = (
					"DEBUG=1",
					"$(inherited)",
				);
				GCC_WARN_64_TO_32_BIT_CONVERSION = YES;
				GCC_WARN_ABOUT_RETURN_TYPE = YES_ERROR;
				GCC_WARN_UNDECLARED_SELECTOR = YES;
				GCC_WARN_UNINITIALIZED_AUTOS = YES_AGGRESSIVE;
				GCC_WARN_UNUSED_FUNCTION = YES;
				GCC_WARN_UNUSED_VARIABLE = YES;
				IPHONEOS_DEPLOYMENT_TARGET = 11.2;
				MTL_ENABLE_DEBUG_INFO = YES;
				ONLY_ACTIVE_ARCH = YES;
				SDKROOT = iphoneos;
				SWIFT_ACTIVE_COMPILATION_CONDITIONS = DEBUG;
				SWIFT_OPTIMIZATION_LEVEL = "-Onone";
			};
			name = Debug;
		};
		FBEEBA302083D089008849C6 /* Release */ = {
			isa = XCBuildConfiguration;
			buildSettings = {
				ALWAYS_SEARCH_USER_PATHS = NO;
				CLANG_ANALYZER_NONNULL = YES;
				CLANG_ANALYZER_NUMBER_OBJECT_CONVERSION = YES_AGGRESSIVE;
				CLANG_CXX_LANGUAGE_STANDARD = "gnu++14";
				CLANG_CXX_LIBRARY = "libc++";
				CLANG_ENABLE_MODULES = YES;
				CLANG_ENABLE_OBJC_ARC = YES;
				CLANG_WARN_BLOCK_CAPTURE_AUTORELEASING = YES;
				CLANG_WARN_BOOL_CONVERSION = YES;
				CLANG_WARN_COMMA = YES;
				CLANG_WARN_CONSTANT_CONVERSION = YES;
				CLANG_WARN_DIRECT_OBJC_ISA_USAGE = YES_ERROR;
				CLANG_WARN_DOCUMENTATION_COMMENTS = YES;
				CLANG_WARN_EMPTY_BODY = YES;
				CLANG_WARN_ENUM_CONVERSION = YES;
				CLANG_WARN_INFINITE_RECURSION = YES;
				CLANG_WARN_INT_CONVERSION = YES;
				CLANG_WARN_NON_LITERAL_NULL_CONVERSION = YES;
				CLANG_WARN_OBJC_LITERAL_CONVERSION = YES;
				CLANG_WARN_OBJC_ROOT_CLASS = YES_ERROR;
				CLANG_WARN_RANGE_LOOP_ANALYSIS = YES;
				CLANG_WARN_STRICT_PROTOTYPES = YES;
				CLANG_WARN_SUSPICIOUS_MOVE = YES;
				CLANG_WARN_UNGUARDED_AVAILABILITY = YES_AGGRESSIVE;
				CLANG_WARN_UNREACHABLE_CODE = YES;
				CLANG_WARN__DUPLICATE_METHOD_MATCH = YES;
				CODE_SIGN_IDENTITY = "iPhone Developer";
				COPY_PHASE_STRIP = NO;
				DEBUG_INFORMATION_FORMAT = "dwarf-with-dsym";
				ENABLE_NS_ASSERTIONS = NO;
				ENABLE_STRICT_OBJC_MSGSEND = YES;
				GCC_C_LANGUAGE_STANDARD = gnu11;
				GCC_NO_COMMON_BLOCKS = YES;
				GCC_WARN_64_TO_32_BIT_CONVERSION = YES;
				GCC_WARN_ABOUT_RETURN_TYPE = YES_ERROR;
				GCC_WARN_UNDECLARED_SELECTOR = YES;
				GCC_WARN_UNINITIALIZED_AUTOS = YES_AGGRESSIVE;
				GCC_WARN_UNUSED_FUNCTION = YES;
				GCC_WARN_UNUSED_VARIABLE = YES;
				IPHONEOS_DEPLOYMENT_TARGET = 11.2;
				MTL_ENABLE_DEBUG_INFO = NO;
				SDKROOT = iphoneos;
				SWIFT_OPTIMIZATION_LEVEL = "-Owholemodule";
				VALIDATE_PRODUCT = YES;
			};
			name = Release;
		};
		FBEEBA322083D089008849C6 /* Debug */ = {
			isa = XCBuildConfiguration;
			buildSettings = {
				ASSETCATALOG_COMPILER_APPICON_NAME = AppIcon;
				CODE_SIGN_STYLE = Automatic;
				DEVELOPMENT_TEAM = D8ECNKLXCF;
				INFOPLIST_FILE = VeganApp/Info.plist;
				LD_RUNPATH_SEARCH_PATHS = "$(inherited) @executable_path/Frameworks";
				PRODUCT_BUNDLE_IDENTIFIER = com.tenlabs.VeganApp;
				PRODUCT_NAME = "$(TARGET_NAME)";
				SWIFT_VERSION = 4.0;
				TARGETED_DEVICE_FAMILY = "1,2";
			};
			name = Debug;
		};
		FBEEBA332083D089008849C6 /* Release */ = {
			isa = XCBuildConfiguration;
			buildSettings = {
				ASSETCATALOG_COMPILER_APPICON_NAME = AppIcon;
				CODE_SIGN_STYLE = Automatic;
				DEVELOPMENT_TEAM = D8ECNKLXCF;
				INFOPLIST_FILE = VeganApp/Info.plist;
				LD_RUNPATH_SEARCH_PATHS = "$(inherited) @executable_path/Frameworks";
				PRODUCT_BUNDLE_IDENTIFIER = com.tenlabs.VeganApp;
				PRODUCT_NAME = "$(TARGET_NAME)";
				SWIFT_VERSION = 4.0;
				TARGETED_DEVICE_FAMILY = "1,2";
			};
			name = Release;
		};
/* End XCBuildConfiguration section */

/* Begin XCConfigurationList section */
		FBEEBA1A2083D088008849C6 /* Build configuration list for PBXProject "VeganApp" */ = {
			isa = XCConfigurationList;
			buildConfigurations = (
				FBEEBA2F2083D089008849C6 /* Debug */,
				FBEEBA302083D089008849C6 /* Release */,
			);
			defaultConfigurationIsVisible = 0;
			defaultConfigurationName = Release;
		};
		FBEEBA312083D089008849C6 /* Build configuration list for PBXNativeTarget "VeganApp" */ = {
			isa = XCConfigurationList;
			buildConfigurations = (
				FBEEBA322083D089008849C6 /* Debug */,
				FBEEBA332083D089008849C6 /* Release */,
			);
			defaultConfigurationIsVisible = 0;
			defaultConfigurationName = Release;
		};
/* End XCConfigurationList section */
	};
	rootObject = FBEEBA172083D088008849C6 /* Project object */;
}
